
Microsoft Visual Studio Solution File, Format Version 12.00
# Visual Studio Version 16
VisualStudioVersion = 16.0.30611.23
MinimumVisualStudioVersion = 10.0.40219.1
Project("{FAE04EC0-301F-11D3-BF4B-00C04F79EFBC}") = "DiscordBot", "DiscordBot.csproj", "{7D2F0775-1CA4-4FC6-90A7-4B4AB32442C0}"
EndProject
Global
	GlobalSection(SolutionConfigurationPlatforms) = preSolution
		Debug|Any CPU = Debug|Any CPU
		Release|Any CPU = Release|Any CPU
	EndGlobalSection
	GlobalSection(ProjectConfigurationPlatforms) = postSolution
		{7D2F0775-1CA4-4FC6-90A7-4B4AB32442C0}.Debug|Any CPU.ActiveCfg = Debug|Any CPU
		{7D2F0775-1CA4-4FC6-90A7-4B4AB32442C0}.Debug|Any CPU.Build.0 = Debug|Any CPU
		{7D2F0775-1CA4-4FC6-90A7-4B4AB32442C0}.Release|Any CPU.ActiveCfg = Release|Any CPU
		{7D2F0775-1CA4-4FC6-90A7-4B4AB32442C0}.Release|Any CPU.Build.0 = Release|Any CPU
	EndGlobalSection
	GlobalSection(SolutionProperties) = preSolution
		HideSolutionNode = FALSE
	EndGlobalSection
	GlobalSection(ExtensibilityGlobals) = postSolution
		SolutionGuid = {7571D14E-48AB-492A-8BB6-D62DE6DF85EC}
	EndGlobalSection
EndGlobal
